
Microsoft Visual Studio Solution File, Format Version 12.00
# Visual Studio Version 16
VisualStudioVersion = 16.0.30907.101
MinimumVisualStudioVersion = 10.0.40219.1
Project("{9A19103F-16F7-4668-BE54-9A1E7A4F7556}") = "Metotlar", "Metotlar\Metotlar.csproj", "{B5E82334-25AD-4BC1-B583-13F7E5D7AECC}"
EndProject
Project("{9A19103F-16F7-4668-BE54-9A1E7A4F7556}") = "DegerVeReferansTipler", "DegerVeReferansTipler\DegerVeReferansTipler.csproj", "{53D8E7F6-2664-4AA3-8EAC-437B7CE0129F}"
EndProject
Project("{9A19103F-16F7-4668-BE54-9A1E7A4F7556}") = "Methods", "Methods\Methods.csproj", "{B0490F13-F8AB-417B-B3FE-068435C4A8DF}"
EndProject
Project("{FAE04EC0-301F-11D3-BF4B-00C04F79EFBC}") = "Arrays", "Arrays\Arrays.csproj", "{EC23C2B3-CA94-4D01-A9E9-D8C1C89BC807}"
EndProject
Global
	GlobalSection(SolutionConfigurationPlatforms) = preSolution
		Debug|Any CPU = Debug|Any CPU
		Release|Any CPU = Release|Any CPU
	EndGlobalSection
	GlobalSection(ProjectConfigurationPlatforms) = postSolution
		{B5E82334-25AD-4BC1-B583-13F7E5D7AECC}.Debug|Any CPU.ActiveCfg = Debug|Any CPU
		{B5E82334-25AD-4BC1-B583-13F7E5D7AECC}.Debug|Any CPU.Build.0 = Debug|Any CPU
		{B5E82334-25AD-4BC1-B583-13F7E5D7AECC}.Release|Any CPU.ActiveCfg = Release|Any CPU
		{B5E82334-25AD-4BC1-B583-13F7E5D7AECC}.Release|Any CPU.Build.0 = Release|Any CPU
		{53D8E7F6-2664-4AA3-8EAC-437B7CE0129F}.Debug|Any CPU.ActiveCfg = Debug|Any CPU
		{53D8E7F6-2664-4AA3-8EAC-437B7CE0129F}.Debug|Any CPU.Build.0 = Debug|Any CPU
		{53D8E7F6-2664-4AA3-8EAC-437B7CE0129F}.Release|Any CPU.ActiveCfg = Release|Any CPU
		{53D8E7F6-2664-4AA3-8EAC-437B7CE0129F}.Release|Any CPU.Build.0 = Release|Any CPU
		{B0490F13-F8AB-417B-B3FE-068435C4A8DF}.Debug|Any CPU.ActiveCfg = Debug|Any CPU
		{B0490F13-F8AB-417B-B3FE-068435C4A8DF}.Debug|Any CPU.Build.0 = Debug|Any CPU
		{B0490F13-F8AB-417B-B3FE-068435C4A8DF}.Release|Any CPU.ActiveCfg = Release|Any CPU
		{B0490F13-F8AB-417B-B3FE-068435C4A8DF}.Release|Any CPU.Build.0 = Release|Any CPU
		{EC23C2B3-CA94-4D01-A9E9-D8C1C89BC807}.Debug|Any CPU.ActiveCfg = Debug|Any CPU
		{EC23C2B3-CA94-4D01-A9E9-D8C1C89BC807}.Debug|Any CPU.Build.0 = Debug|Any CPU
		{EC23C2B3-CA94-4D01-A9E9-D8C1C89BC807}.Release|Any CPU.ActiveCfg = Release|Any CPU
		{EC23C2B3-CA94-4D01-A9E9-D8C1C89BC807}.Release|Any CPU.Build.0 = Release|Any CPU
	EndGlobalSection
	GlobalSection(SolutionProperties) = preSolution
		HideSolutionNode = FALSE
	EndGlobalSection
	GlobalSection(ExtensibilityGlobals) = postSolution
		SolutionGuid = {78CFE20B-55D1-4D90-AC7A-37B12FC24278}
	EndGlobalSection
EndGlobal
